
Microsoft Visual Studio Solution File, Format Version 12.00
# Visual Studio 15
Project("{FAE04EC0-301F-11D3-BF4B-00C04F79EFBC}") = "UnityEngine.TestRunner", "UnityEngine.TestRunner.csproj", "{A5DFF443-C1E8-6BF1-4D05-B6BEFB1C474A}"
EndProject
Project("{FAE04EC0-301F-11D3-BF4B-00C04F79EFBC}") = "Unity.Mathematics", "Unity.Mathematics.csproj", "{B813B943-65BA-B15D-EDB0-B179FCC8F8AF}"
EndProject
Project("{FAE04EC0-301F-11D3-BF4B-00C04F79EFBC}") = "Unity.2D.Animation.Triangle.Runtime", "Unity.2D.Animation.Triangle.Runtime.csproj", "{A348F9A6-BD40-CC31-0AE8-CA90E6EDBF8C}"
EndProject
Project("{FAE04EC0-301F-11D3-BF4B-00C04F79EFBC}") = "Unity.Timeline", "Unity.Timeline.csproj", "{3D06FA7B-A167-01D6-1BC5-A37946EA5375}"
EndProject
Project("{FAE04EC0-301F-11D3-BF4B-00C04F79EFBC}") = "UnityEngine.UI", "UnityEngine.UI.csproj", "{D65C48D9-2FDC-F938-BD09-788BB98CC468}"
EndProject
Project("{FAE04EC0-301F-11D3-BF4B-00C04F79EFBC}") = "Assembly-CSharp", "Assembly-CSharp.csproj", "{ECA1C9B1-FA97-19C0-6193-6135E8F4FF9A}"
EndProject
Project("{FAE04EC0-301F-11D3-BF4B-00C04F79EFBC}") = "Unity.TextMeshPro", "Unity.TextMeshPro.csproj", "{4B6AA145-FBCC-7B6A-70DB-76EA3CE53CCC}"
EndProject
Project("{FAE04EC0-301F-11D3-BF4B-00C04F79EFBC}") = "Unity.2D.Animation.Runtime", "Unity.2D.Animation.Runtime.csproj", "{950F099A-250E-0D83-9EDB-E838AACB8AE7}"
EndProject
Project("{FAE04EC0-301F-11D3-BF4B-00C04F79EFBC}") = "Unity.2D.IK.Runtime", "Unity.2D.IK.Runtime.csproj", "{82E7111C-6209-EB6A-057B-688FAEE49CE9}"
EndProject
Project("{FAE04EC0-301F-11D3-BF4B-00C04F79EFBC}") = "Unity.Notifications.Android", "Unity.Notifications.Android.csproj", "{229EB8E5-CA62-3051-F967-E2D72C2865CA}"
EndProject
Project("{FAE04EC0-301F-11D3-BF4B-00C04F79EFBC}") = "Unity.2D.SpriteShape.Runtime", "Unity.2D.SpriteShape.Runtime.csproj", "{39D769CC-8FBE-381E-7F50-B868B2D1BCAC}"
EndProject
Project("{FAE04EC0-301F-11D3-BF4B-00C04F79EFBC}") = "Unity.Notifications.iOS", "Unity.Notifications.iOS.csproj", "{9D86ED21-6788-FC5E-F500-512F382FB6AF}"
EndProject
Project("{FAE04EC0-301F-11D3-BF4B-00C04F79EFBC}") = "Unity.2D.PixelPerfect", "Unity.2D.PixelPerfect.csproj", "{29CF96E8-EF5E-1A82-0E95-885653715363}"
EndProject
Project("{FAE04EC0-301F-11D3-BF4B-00C04F79EFBC}") = "Unity.2D.Common.Runtime", "Unity.2D.Common.Runtime.csproj", "{64D15CAA-B7AD-0D0A-5E03-261358621DC5}"
EndProject
Project("{FAE04EC0-301F-11D3-BF4B-00C04F79EFBC}") = "Unity.InternalAPIEngineBridge.001", "Unity.InternalAPIEngineBridge.001.csproj", "{08C4A805-4351-DCE2-B6FA-07E9A2CFD44A}"
EndProject
Project("{FAE04EC0-301F-11D3-BF4B-00C04F79EFBC}") = "UnityEditor.TestRunner", "UnityEditor.TestRunner.csproj", "{FB7FD85D-AA38-3973-FABB-A9611771D0A0}"
EndProject
Project("{FAE04EC0-301F-11D3-BF4B-00C04F79EFBC}") = "Unity.PlasticSCM.Editor", "Unity.PlasticSCM.Editor.csproj", "{A57A3937-79C1-F345-2496-A38FEED5494B}"
EndProject
Project("{FAE04EC0-301F-11D3-BF4B-00C04F79EFBC}") = "UnityEditor.UI", "UnityEditor.UI.csproj", "{D38CB2C7-4572-4E90-B243-602DBE3FDEFE}"
EndProject
Project("{FAE04EC0-301F-11D3-BF4B-00C04F79EFBC}") = "Unity.Timeline.Editor", "Unity.Timeline.Editor.csproj", "{51A7C3A3-6951-129D-949D-8189F0DC2C2C}"
EndProject
Project("{FAE04EC0-301F-11D3-BF4B-00C04F79EFBC}") = "Unity.VisualStudio.Editor", "Unity.VisualStudio.Editor.csproj", "{811046CA-EA62-687C-505D-1CB690FC9E5A}"
EndProject
Project("{FAE04EC0-301F-11D3-BF4B-00C04F79EFBC}") = "Unity.2D.Psdimporter.Editor", "Unity.2D.Psdimporter.Editor.csproj", "{900554F2-B9C3-6DC1-700B-F340062161F5}"
EndProject
Project("{FAE04EC0-301F-11D3-BF4B-00C04F79EFBC}") = "Unity.2D.Animation.Editor", "Unity.2D.Animation.Editor.csproj", "{9DB1297F-3543-14B0-E31F-1886C89746C6}"
EndProject
Project("{FAE04EC0-301F-11D3-BF4B-00C04F79EFBC}") = "Unity.TextMeshPro.Editor", "Unity.TextMeshPro.Editor.csproj", "{A3A577D8-41C7-317F-948B-0CA51B0CA7A7}"
EndProject
Project("{FAE04EC0-301F-11D3-BF4B-00C04F79EFBC}") = "Unity.2D.SpriteShape.Editor", "Unity.2D.SpriteShape.Editor.csproj", "{8393B2BC-EEE6-BD47-147E-FDD2C28835C1}"
EndProject
Project("{FAE04EC0-301F-11D3-BF4B-00C04F79EFBC}") = "Unity.CollabProxy.Editor", "Unity.CollabProxy.Editor.csproj", "{57FA8FEE-7D0B-DA1B-828F-B952B928E716}"
EndProject
Project("{FAE04EC0-301F-11D3-BF4B-00C04F79EFBC}") = "PsdPlugin", "PsdPlugin.csproj", "{A3F8DD1A-1144-BF7D-9B3B-48F2A0FC21FB}"
EndProject
Project("{FAE04EC0-301F-11D3-BF4B-00C04F79EFBC}") = "Unity.2D.Path.Editor", "Unity.2D.Path.Editor.csproj", "{410E7835-2EB6-9F4B-0489-FEBD4FD4A60E}"
EndProject
Project("{FAE04EC0-301F-11D3-BF4B-00C04F79EFBC}") = "Unity.Mobile.AndroidLogcat.Editor", "Unity.Mobile.AndroidLogcat.Editor.csproj", "{FEA6B561-C40B-E0EA-13C1-9311AF9304AF}"
EndProject
Project("{FAE04EC0-301F-11D3-BF4B-00C04F79EFBC}") = "Unity.Rider.Editor", "Unity.Rider.Editor.csproj", "{EDD76B1F-28DE-F514-FB35-D9B0C851743C}"
EndProject
Project("{FAE04EC0-301F-11D3-BF4B-00C04F79EFBC}") = "Unity.2D.IK.Editor", "Unity.2D.IK.Editor.csproj", "{03E6B347-EFF6-AF53-C60B-355D17604B1A}"
EndProject
Project("{FAE04EC0-301F-11D3-BF4B-00C04F79EFBC}") = "Unity.2D.Sprite.Editor", "Unity.2D.Sprite.Editor.csproj", "{6B88B003-3CBF-79D5-D316-4BB4F8C3DDA7}"
EndProject
Project("{FAE04EC0-301F-11D3-BF4B-00C04F79EFBC}") = "Unity.2D.Tilemap.Editor", "Unity.2D.Tilemap.Editor.csproj", "{D163F587-E5CC-27F5-D595-C44F894D796F}"
EndProject
Project("{FAE04EC0-301F-11D3-BF4B-00C04F79EFBC}") = "Unity.2D.PixelPerfect.Editor", "Unity.2D.PixelPerfect.Editor.csproj", "{F41867C7-2B10-81F8-0DDC-0471875807AD}"
EndProject
Project("{FAE04EC0-301F-11D3-BF4B-00C04F79EFBC}") = "Unity.VSCode.Editor", "Unity.VSCode.Editor.csproj", "{6FE3966E-3FA4-D1E0-A1E6-CC8DD2D9858F}"
EndProject
Project("{FAE04EC0-301F-11D3-BF4B-00C04F79EFBC}") = "Unity.Notifications", "Unity.Notifications.csproj", "{629C967C-64EA-BBF0-7B70-B22CC3993784}"
EndProject
Project("{FAE04EC0-301F-11D3-BF4B-00C04F79EFBC}") = "Unity.2D.Common.Editor", "Unity.2D.Common.Editor.csproj", "{6ABCE9B1-8F20-9DD4-BEDB-2408FA8D2AE9}"
EndProject
Project("{FAE04EC0-301F-11D3-BF4B-00C04F79EFBC}") = "Unity.Mathematics.Editor", "Unity.Mathematics.Editor.csproj", "{F736FD88-FD9F-965D-C2AE-C7AB68B1D60B}"
EndProject
Project("{FAE04EC0-301F-11D3-BF4B-00C04F79EFBC}") = "Unity.InternalAPIEditorBridge.001", "Unity.InternalAPIEditorBridge.001.csproj", "{C4ECDF64-D8C0-4E70-2B3E-905F8978AE25}"
EndProject
Project("{FAE04EC0-301F-11D3-BF4B-00C04F79EFBC}") = "UnityEngine.TestRunner", "UnityEngine.TestRunner.Player.csproj", "{96E371F3-A525-4E93-8982-E9EA7A4A4983}"
EndProject
Project("{FAE04EC0-301F-11D3-BF4B-00C04F79EFBC}") = "Unity.Mathematics", "Unity.Mathematics.Player.csproj", "{A52E52FD-6417-2842-60CB-F961E2D89FB1}"
EndProject
Project("{FAE04EC0-301F-11D3-BF4B-00C04F79EFBC}") = "Unity.2D.Animation.Triangle.Runtime", "Unity.2D.Animation.Triangle.Runtime.Player.csproj", "{99CE341A-75F2-731A-F62D-4A4EAB549362}"
EndProject
Project("{FAE04EC0-301F-11D3-BF4B-00C04F79EFBC}") = "Unity.Timeline", "Unity.Timeline.Player.csproj", "{75DA7840-E781-DF2C-FCF1-BAEBC49EB122}"
EndProject
Project("{FAE04EC0-301F-11D3-BF4B-00C04F79EFBC}") = "UnityEngine.UI", "UnityEngine.UI.Player.csproj", "{A264264C-3956-ED11-AF4A-8459FBD052C4}"
EndProject
Project("{FAE04EC0-301F-11D3-BF4B-00C04F79EFBC}") = "Assembly-CSharp", "Assembly-CSharp.Player.csproj", "{8ACF8907-4F7D-7B3B-6E78-7DCCB67D13CE}"
EndProject
Project("{FAE04EC0-301F-11D3-BF4B-00C04F79EFBC}") = "Unity.TextMeshPro", "Unity.TextMeshPro.Player.csproj", "{258C4416-D2C8-C37A-9CD0-EFB5C39370D9}"
EndProject
Project("{FAE04EC0-301F-11D3-BF4B-00C04F79EFBC}") = "Unity.2D.Animation.Runtime", "Unity.2D.Animation.Runtime.Player.csproj", "{66386B8B-E241-9288-1E9E-E5F902070E01}"
EndProject
Project("{FAE04EC0-301F-11D3-BF4B-00C04F79EFBC}") = "Unity.2D.IK.Runtime", "Unity.2D.IK.Runtime.Player.csproj", "{111B3D59-D980-3EC6-D032-3AE26387940B}"
EndProject
Project("{FAE04EC0-301F-11D3-BF4B-00C04F79EFBC}") = "Unity.2D.SpriteShape.Runtime", "Unity.2D.SpriteShape.Runtime.Player.csproj", "{D1C7414F-A69E-F628-CB81-287CFAACDE37}"
EndProject
Project("{FAE04EC0-301F-11D3-BF4B-00C04F79EFBC}") = "Unity.2D.PixelPerfect", "Unity.2D.PixelPerfect.Player.csproj", "{00868E34-F938-1F7C-CA38-C987851F450F}"
EndProject
Project("{FAE04EC0-301F-11D3-BF4B-00C04F79EFBC}") = "Unity.2D.Common.Runtime", "Unity.2D.Common.Runtime.Player.csproj", "{A7EC2EFD-3A38-F4FE-3E3C-7D2F3EE01792}"
EndProject
Project("{FAE04EC0-301F-11D3-BF4B-00C04F79EFBC}") = "Unity.InternalAPIEngineBridge.001", "Unity.InternalAPIEngineBridge.001.Player.csproj", "{5A5DABA5-4B62-F727-FC04-BE8260A7AFC6}"
EndProject
Global
	GlobalSection(SolutionConfigurationPlatforms) = preSolution
		Debug|Any CPU = Debug|Any CPU
		Release|Any CPU = Release|Any CPU
	EndGlobalSection
	GlobalSection(ProjectConfigurationPlatforms) = postSolution
		{A5DFF443-C1E8-6BF1-4D05-B6BEFB1C474A}.Debug|Any CPU.ActiveCfg = Debug|Any CPU
		{A5DFF443-C1E8-6BF1-4D05-B6BEFB1C474A}.Debug|Any CPU.Build.0 = Debug|Any CPU
		{A5DFF443-C1E8-6BF1-4D05-B6BEFB1C474A}.Release|Any CPU.ActiveCfg = Release|Any CPU
		{A5DFF443-C1E8-6BF1-4D05-B6BEFB1C474A}.Release|Any CPU.Build.0 = Release|Any CPU
		{B813B943-65BA-B15D-EDB0-B179FCC8F8AF}.Debug|Any CPU.ActiveCfg = Debug|Any CPU
		{B813B943-65BA-B15D-EDB0-B179FCC8F8AF}.Debug|Any CPU.Build.0 = Debug|Any CPU
		{B813B943-65BA-B15D-EDB0-B179FCC8F8AF}.Release|Any CPU.ActiveCfg = Release|Any CPU
		{B813B943-65BA-B15D-EDB0-B179FCC8F8AF}.Release|Any CPU.Build.0 = Release|Any CPU
		{A348F9A6-BD40-CC31-0AE8-CA90E6EDBF8C}.Debug|Any CPU.ActiveCfg = Debug|Any CPU
		{A348F9A6-BD40-CC31-0AE8-CA90E6EDBF8C}.Debug|Any CPU.Build.0 = Debug|Any CPU
		{A348F9A6-BD40-CC31-0AE8-CA90E6EDBF8C}.Release|Any CPU.ActiveCfg = Release|Any CPU
		{A348F9A6-BD40-CC31-0AE8-CA90E6EDBF8C}.Release|Any CPU.Build.0 = Release|Any CPU
		{3D06FA7B-A167-01D6-1BC5-A37946EA5375}.Debug|Any CPU.ActiveCfg = Debug|Any CPU
		{3D06FA7B-A167-01D6-1BC5-A37946EA5375}.Debug|Any CPU.Build.0 = Debug|Any CPU
		{3D06FA7B-A167-01D6-1BC5-A37946EA5375}.Release|Any CPU.ActiveCfg = Release|Any CPU
		{3D06FA7B-A167-01D6-1BC5-A37946EA5375}.Release|Any CPU.Build.0 = Release|Any CPU
		{D65C48D9-2FDC-F938-BD09-788BB98CC468}.Debug|Any CPU.ActiveCfg = Debug|Any CPU
		{D65C48D9-2FDC-F938-BD09-788BB98CC468}.Debug|Any CPU.Build.0 = Debug|Any CPU
		{D65C48D9-2FDC-F938-BD09-788BB98CC468}.Release|Any CPU.ActiveCfg = Release|Any CPU
		{D65C48D9-2FDC-F938-BD09-788BB98CC468}.Release|Any CPU.Build.0 = Release|Any CPU
		{ECA1C9B1-FA97-19C0-6193-6135E8F4FF9A}.Debug|Any CPU.ActiveCfg = Debug|Any CPU
		{ECA1C9B1-FA97-19C0-6193-6135E8F4FF9A}.Debug|Any CPU.Build.0 = Debug|Any CPU
		{ECA1C9B1-FA97-19C0-6193-6135E8F4FF9A}.Release|Any CPU.ActiveCfg = Release|Any CPU
		{ECA1C9B1-FA97-19C0-6193-6135E8F4FF9A}.Release|Any CPU.Build.0 = Release|Any CPU
		{4B6AA145-FBCC-7B6A-70DB-76EA3CE53CCC}.Debug|Any CPU.ActiveCfg = Debug|Any CPU
		{4B6AA145-FBCC-7B6A-70DB-76EA3CE53CCC}.Debug|Any CPU.Build.0 = Debug|Any CPU
		{4B6AA145-FBCC-7B6A-70DB-76EA3CE53CCC}.Release|Any CPU.ActiveCfg = Release|Any CPU
		{4B6AA145-FBCC-7B6A-70DB-76EA3CE53CCC}.Release|Any CPU.Build.0 = Release|Any CPU
		{950F099A-250E-0D83-9EDB-E838AACB8AE7}.Debug|Any CPU.ActiveCfg = Debug|Any CPU
		{950F099A-250E-0D83-9EDB-E838AACB8AE7}.Debug|Any CPU.Build.0 = Debug|Any CPU
		{950F099A-250E-0D83-9EDB-E838AACB8AE7}.Release|Any CPU.ActiveCfg = Release|Any CPU
		{950F099A-250E-0D83-9EDB-E838AACB8AE7}.Release|Any CPU.Build.0 = Release|Any CPU
		{82E7111C-6209-EB6A-057B-688FAEE49CE9}.Debug|Any CPU.ActiveCfg = Debug|Any CPU
		{82E7111C-6209-EB6A-057B-688FAEE49CE9}.Debug|Any CPU.Build.0 = Debug|Any CPU
		{82E7111C-6209-EB6A-057B-688FAEE49CE9}.Release|Any CPU.ActiveCfg = Release|Any CPU
		{82E7111C-6209-EB6A-057B-688FAEE49CE9}.Release|Any CPU.Build.0 = Release|Any CPU
		{229EB8E5-CA62-3051-F967-E2D72C2865CA}.Debug|Any CPU.ActiveCfg = Debug|Any CPU
		{229EB8E5-CA62-3051-F967-E2D72C2865CA}.Debug|Any CPU.Build.0 = Debug|Any CPU
		{229EB8E5-CA62-3051-F967-E2D72C2865CA}.Release|Any CPU.ActiveCfg = Release|Any CPU
		{229EB8E5-CA62-3051-F967-E2D72C2865CA}.Release|Any CPU.Build.0 = Release|Any CPU
		{39D769CC-8FBE-381E-7F50-B868B2D1BCAC}.Debug|Any CPU.ActiveCfg = Debug|Any CPU
		{39D769CC-8FBE-381E-7F50-B868B2D1BCAC}.Debug|Any CPU.Build.0 = Debug|Any CPU
		{39D769CC-8FBE-381E-7F50-B868B2D1BCAC}.Release|Any CPU.ActiveCfg = Release|Any CPU
		{39D769CC-8FBE-381E-7F50-B868B2D1BCAC}.Release|Any CPU.Build.0 = Release|Any CPU
		{9D86ED21-6788-FC5E-F500-512F382FB6AF}.Debug|Any CPU.ActiveCfg = Debug|Any CPU
		{9D86ED21-6788-FC5E-F500-512F382FB6AF}.Debug|Any CPU.Build.0 = Debug|Any CPU
		{9D86ED21-6788-FC5E-F500-512F382FB6AF}.Release|Any CPU.ActiveCfg = Release|Any CPU
		{9D86ED21-6788-FC5E-F500-512F382FB6AF}.Release|Any CPU.Build.0 = Release|Any CPU
		{29CF96E8-EF5E-1A82-0E95-885653715363}.Debug|Any CPU.ActiveCfg = Debug|Any CPU
		{29CF96E8-EF5E-1A82-0E95-885653715363}.Debug|Any CPU.Build.0 = Debug|Any CPU
		{29CF96E8-EF5E-1A82-0E95-885653715363}.Release|Any CPU.ActiveCfg = Release|Any CPU
		{29CF96E8-EF5E-1A82-0E95-885653715363}.Release|Any CPU.Build.0 = Release|Any CPU
		{64D15CAA-B7AD-0D0A-5E03-261358621DC5}.Debug|Any CPU.ActiveCfg = Debug|Any CPU
		{64D15CAA-B7AD-0D0A-5E03-261358621DC5}.Debug|Any CPU.Build.0 = Debug|Any CPU
		{64D15CAA-B7AD-0D0A-5E03-261358621DC5}.Release|Any CPU.ActiveCfg = Release|Any CPU
		{64D15CAA-B7AD-0D0A-5E03-261358621DC5}.Release|Any CPU.Build.0 = Release|Any CPU
		{08C4A805-4351-DCE2-B6FA-07E9A2CFD44A}.Debug|Any CPU.ActiveCfg = Debug|Any CPU
		{08C4A805-4351-DCE2-B6FA-07E9A2CFD44A}.Debug|Any CPU.Build.0 = Debug|Any CPU
		{08C4A805-4351-DCE2-B6FA-07E9A2CFD44A}.Release|Any CPU.ActiveCfg = Release|Any CPU
		{08C4A805-4351-DCE2-B6FA-07E9A2CFD44A}.Release|Any CPU.Build.0 = Release|Any CPU
		{FB7FD85D-AA38-3973-FABB-A9611771D0A0}.Debug|Any CPU.ActiveCfg = Debug|Any CPU
		{FB7FD85D-AA38-3973-FABB-A9611771D0A0}.Debug|Any CPU.Build.0 = Debug|Any CPU
		{FB7FD85D-AA38-3973-FABB-A9611771D0A0}.Release|Any CPU.ActiveCfg = Release|Any CPU
		{FB7FD85D-AA38-3973-FABB-A9611771D0A0}.Release|Any CPU.Build.0 = Release|Any CPU
		{A57A3937-79C1-F345-2496-A38FEED5494B}.Debug|Any CPU.ActiveCfg = Debug|Any CPU
		{A57A3937-79C1-F345-2496-A38FEED5494B}.Debug|Any CPU.Build.0 = Debug|Any CPU
		{A57A3937-79C1-F345-2496-A38FEED5494B}.Release|Any CPU.ActiveCfg = Release|Any CPU
		{A57A3937-79C1-F345-2496-A38FEED5494B}.Release|Any CPU.Build.0 = Release|Any CPU
		{D38CB2C7-4572-4E90-B243-602DBE3FDEFE}.Debug|Any CPU.ActiveCfg = Debug|Any CPU
		{D38CB2C7-4572-4E90-B243-602DBE3FDEFE}.Debug|Any CPU.Build.0 = Debug|Any CPU
		{D38CB2C7-4572-4E90-B243-602DBE3FDEFE}.Release|Any CPU.ActiveCfg = Release|Any CPU
		{D38CB2C7-4572-4E90-B243-602DBE3FDEFE}.Release|Any CPU.Build.0 = Release|Any CPU
		{51A7C3A3-6951-129D-949D-8189F0DC2C2C}.Debug|Any CPU.ActiveCfg = Debug|Any CPU
		{51A7C3A3-6951-129D-949D-8189F0DC2C2C}.Debug|Any CPU.Build.0 = Debug|Any CPU
		{51A7C3A3-6951-129D-949D-8189F0DC2C2C}.Release|Any CPU.ActiveCfg = Release|Any CPU
		{51A7C3A3-6951-129D-949D-8189F0DC2C2C}.Release|Any CPU.Build.0 = Release|Any CPU
		{811046CA-EA62-687C-505D-1CB690FC9E5A}.Debug|Any CPU.ActiveCfg = Debug|Any CPU
		{811046CA-EA62-687C-505D-1CB690FC9E5A}.Debug|Any CPU.Build.0 = Debug|Any CPU
		{811046CA-EA62-687C-505D-1CB690FC9E5A}.Release|Any CPU.ActiveCfg = Release|Any CPU
		{811046CA-EA62-687C-505D-1CB690FC9E5A}.Release|Any CPU.Build.0 = Release|Any CPU
		{900554F2-B9C3-6DC1-700B-F340062161F5}.Debug|Any CPU.ActiveCfg = Debug|Any CPU
		{900554F2-B9C3-6DC1-700B-F340062161F5}.Debug|Any CPU.Build.0 = Debug|Any CPU
		{900554F2-B9C3-6DC1-700B-F340062161F5}.Release|Any CPU.ActiveCfg = Release|Any CPU
		{900554F2-B9C3-6DC1-700B-F340062161F5}.Release|Any CPU.Build.0 = Release|Any CPU
		{9DB1297F-3543-14B0-E31F-1886C89746C6}.Debug|Any CPU.ActiveCfg = Debug|Any CPU
		{9DB1297F-3543-14B0-E31F-1886C89746C6}.Debug|Any CPU.Build.0 = Debug|Any CPU
		{9DB1297F-3543-14B0-E31F-1886C89746C6}.Release|Any CPU.ActiveCfg = Release|Any CPU
		{9DB1297F-3543-14B0-E31F-1886C89746C6}.Release|Any CPU.Build.0 = Release|Any CPU
		{A3A577D8-41C7-317F-948B-0CA51B0CA7A7}.Debug|Any CPU.ActiveCfg = Debug|Any CPU
		{A3A577D8-41C7-317F-948B-0CA51B0CA7A7}.Debug|Any CPU.Build.0 = Debug|Any CPU
		{A3A577D8-41C7-317F-948B-0CA51B0CA7A7}.Release|Any CPU.ActiveCfg = Release|Any CPU
		{A3A577D8-41C7-317F-948B-0CA51B0CA7A7}.Release|Any CPU.Build.0 = Release|Any CPU
		{8393B2BC-EEE6-BD47-147E-FDD2C28835C1}.Debug|Any CPU.ActiveCfg = Debug|Any CPU
		{8393B2BC-EEE6-BD47-147E-FDD2C28835C1}.Debug|Any CPU.Build.0 = Debug|Any CPU
		{8393B2BC-EEE6-BD47-147E-FDD2C28835C1}.Release|Any CPU.ActiveCfg = Release|Any CPU
		{8393B2BC-EEE6-BD47-147E-FDD2C28835C1}.Release|Any CPU.Build.0 = Release|Any CPU
		{57FA8FEE-7D0B-DA1B-828F-B952B928E716}.Debug|Any CPU.ActiveCfg = Debug|Any CPU
		{57FA8FEE-7D0B-DA1B-828F-B952B928E716}.Debug|Any CPU.Build.0 = Debug|Any CPU
		{57FA8FEE-7D0B-DA1B-828F-B952B928E716}.Release|Any CPU.ActiveCfg = Release|Any CPU
		{57FA8FEE-7D0B-DA1B-828F-B952B928E716}.Release|Any CPU.Build.0 = Release|Any CPU
		{A3F8DD1A-1144-BF7D-9B3B-48F2A0FC21FB}.Debug|Any CPU.ActiveCfg = Debug|Any CPU
		{A3F8DD1A-1144-BF7D-9B3B-48F2A0FC21FB}.Debug|Any CPU.Build.0 = Debug|Any CPU
		{A3F8DD1A-1144-BF7D-9B3B-48F2A0FC21FB}.Release|Any CPU.ActiveCfg = Release|Any CPU
		{A3F8DD1A-1144-BF7D-9B3B-48F2A0FC21FB}.Release|Any CPU.Build.0 = Release|Any CPU
		{410E7835-2EB6-9F4B-0489-FEBD4FD4A60E}.Debug|Any CPU.ActiveCfg = Debug|Any CPU
		{410E7835-2EB6-9F4B-0489-FEBD4FD4A60E}.Debug|Any CPU.Build.0 = Debug|Any CPU
		{410E7835-2EB6-9F4B-0489-FEBD4FD4A60E}.Release|Any CPU.ActiveCfg = Release|Any CPU
		{410E7835-2EB6-9F4B-0489-FEBD4FD4A60E}.Release|Any CPU.Build.0 = Release|Any CPU
		{FEA6B561-C40B-E0EA-13C1-9311AF9304AF}.Debug|Any CPU.ActiveCfg = Debug|Any CPU
		{FEA6B561-C40B-E0EA-13C1-9311AF9304AF}.Debug|Any CPU.Build.0 = Debug|Any CPU
		{FEA6B561-C40B-E0EA-13C1-9311AF9304AF}.Release|Any CPU.ActiveCfg = Release|Any CPU
		{FEA6B561-C40B-E0EA-13C1-9311AF9304AF}.Release|Any CPU.Build.0 = Release|Any CPU
		{EDD76B1F-28DE-F514-FB35-D9B0C851743C}.Debug|Any CPU.ActiveCfg = Debug|Any CPU
		{EDD76B1F-28DE-F514-FB35-D9B0C851743C}.Debug|Any CPU.Build.0 = Debug|Any CPU
		{EDD76B1F-28DE-F514-FB35-D9B0C851743C}.Release|Any CPU.ActiveCfg = Release|Any CPU
		{EDD76B1F-28DE-F514-FB35-D9B0C851743C}.Release|Any CPU.Build.0 = Release|Any CPU
		{03E6B347-EFF6-AF53-C60B-355D17604B1A}.Debug|Any CPU.ActiveCfg = Debug|Any CPU
		{03E6B347-EFF6-AF53-C60B-355D17604B1A}.Debug|Any CPU.Build.0 = Debug|Any CPU
		{03E6B347-EFF6-AF53-C60B-355D17604B1A}.Release|Any CPU.ActiveCfg = Release|Any CPU
		{03E6B347-EFF6-AF53-C60B-355D17604B1A}.Release|Any CPU.Build.0 = Release|Any CPU
		{6B88B003-3CBF-79D5-D316-4BB4F8C3DDA7}.Debug|Any CPU.ActiveCfg = Debug|Any CPU
		{6B88B003-3CBF-79D5-D316-4BB4F8C3DDA7}.Debug|Any CPU.Build.0 = Debug|Any CPU
		{6B88B003-3CBF-79D5-D316-4BB4F8C3DDA7}.Release|Any CPU.ActiveCfg = Release|Any CPU
		{6B88B003-3CBF-79D5-D316-4BB4F8C3DDA7}.Release|Any CPU.Build.0 = Release|Any CPU
		{D163F587-E5CC-27F5-D595-C44F894D796F}.Debug|Any CPU.ActiveCfg = Debug|Any CPU
		{D163F587-E5CC-27F5-D595-C44F894D796F}.Debug|Any CPU.Build.0 = Debug|Any CPU
		{D163F587-E5CC-27F5-D595-C44F894D796F}.Release|Any CPU.ActiveCfg = Release|Any CPU
		{D163F587-E5CC-27F5-D595-C44F894D796F}.Release|Any CPU.Build.0 = Release|Any CPU
		{F41867C7-2B10-81F8-0DDC-0471875807AD}.Debug|Any CPU.ActiveCfg = Debug|Any CPU
		{F41867C7-2B10-81F8-0DDC-0471875807AD}.Debug|Any CPU.Build.0 = Debug|Any CPU
		{F41867C7-2B10-81F8-0DDC-0471875807AD}.Release|Any CPU.ActiveCfg = Release|Any CPU
		{F41867C7-2B10-81F8-0DDC-0471875807AD}.Release|Any CPU.Build.0 = Release|Any CPU
		{6FE3966E-3FA4-D1E0-A1E6-CC8DD2D9858F}.Debug|Any CPU.ActiveCfg = Debug|Any CPU
		{6FE3966E-3FA4-D1E0-A1E6-CC8DD2D9858F}.Debug|Any CPU.Build.0 = Debug|Any CPU
		{6FE3966E-3FA4-D1E0-A1E6-CC8DD2D9858F}.Release|Any CPU.ActiveCfg = Release|Any CPU
		{6FE3966E-3FA4-D1E0-A1E6-CC8DD2D9858F}.Release|Any CPU.Build.0 = Release|Any CPU
		{629C967C-64EA-BBF0-7B70-B22CC3993784}.Debug|Any CPU.ActiveCfg = Debug|Any CPU
		{629C967C-64EA-BBF0-7B70-B22CC3993784}.Debug|Any CPU.Build.0 = Debug|Any CPU
		{629C967C-64EA-BBF0-7B70-B22CC3993784}.Release|Any CPU.ActiveCfg = Release|Any CPU
		{629C967C-64EA-BBF0-7B70-B22CC3993784}.Release|Any CPU.Build.0 = Release|Any CPU
		{6ABCE9B1-8F20-9DD4-BEDB-2408FA8D2AE9}.Debug|Any CPU.ActiveCfg = Debug|Any CPU
		{6ABCE9B1-8F20-9DD4-BEDB-2408FA8D2AE9}.Debug|Any CPU.Build.0 = Debug|Any CPU
		{6ABCE9B1-8F20-9DD4-BEDB-2408FA8D2AE9}.Release|Any CPU.ActiveCfg = Release|Any CPU
		{6ABCE9B1-8F20-9DD4-BEDB-2408FA8D2AE9}.Release|Any CPU.Build.0 = Release|Any CPU
		{F736FD88-FD9F-965D-C2AE-C7AB68B1D60B}.Debug|Any CPU.ActiveCfg = Debug|Any CPU
		{F736FD88-FD9F-965D-C2AE-C7AB68B1D60B}.Debug|Any CPU.Build.0 = Debug|Any CPU
		{F736FD88-FD9F-965D-C2AE-C7AB68B1D60B}.Release|Any CPU.ActiveCfg = Release|Any CPU
		{F736FD88-FD9F-965D-C2AE-C7AB68B1D60B}.Release|Any CPU.Build.0 = Release|Any CPU
		{C4ECDF64-D8C0-4E70-2B3E-905F8978AE25}.Debug|Any CPU.ActiveCfg = Debug|Any CPU
		{C4ECDF64-D8C0-4E70-2B3E-905F8978AE25}.Debug|Any CPU.Build.0 = Debug|Any CPU
		{C4ECDF64-D8C0-4E70-2B3E-905F8978AE25}.Release|Any CPU.ActiveCfg = Release|Any CPU
		{C4ECDF64-D8C0-4E70-2B3E-905F8978AE25}.Release|Any CPU.Build.0 = Release|Any CPU
		{96E371F3-A525-4E93-8982-E9EA7A4A4983}.Debug|Any CPU.ActiveCfg = Debug|Any CPU
		{96E371F3-A525-4E93-8982-E9EA7A4A4983}.Debug|Any CPU.Build.0 = Debug|Any CPU
		{96E371F3-A525-4E93-8982-E9EA7A4A4983}.Release|Any CPU.ActiveCfg = Release|Any CPU
		{96E371F3-A525-4E93-8982-E9EA7A4A4983}.Release|Any CPU.Build.0 = Release|Any CPU
		{A52E52FD-6417-2842-60CB-F961E2D89FB1}.Debug|Any CPU.ActiveCfg = Debug|Any CPU
		{A52E52FD-6417-2842-60CB-F961E2D89FB1}.Debug|Any CPU.Build.0 = Debug|Any CPU
		{A52E52FD-6417-2842-60CB-F961E2D89FB1}.Release|Any CPU.ActiveCfg = Release|Any CPU
		{A52E52FD-6417-2842-60CB-F961E2D89FB1}.Release|Any CPU.Build.0 = Release|Any CPU
		{99CE341A-75F2-731A-F62D-4A4EAB549362}.Debug|Any CPU.ActiveCfg = Debug|Any CPU
		{99CE341A-75F2-731A-F62D-4A4EAB549362}.Debug|Any CPU.Build.0 = Debug|Any CPU
		{99CE341A-75F2-731A-F62D-4A4EAB549362}.Release|Any CPU.ActiveCfg = Release|Any CPU
		{99CE341A-75F2-731A-F62D-4A4EAB549362}.Release|Any CPU.Build.0 = Release|Any CPU
		{75DA7840-E781-DF2C-FCF1-BAEBC49EB122}.Debug|Any CPU.ActiveCfg = Debug|Any CPU
		{75DA7840-E781-DF2C-FCF1-BAEBC49EB122}.Debug|Any CPU.Build.0 = Debug|Any CPU
		{75DA7840-E781-DF2C-FCF1-BAEBC49EB122}.Release|Any CPU.ActiveCfg = Release|Any CPU
		{75DA7840-E781-DF2C-FCF1-BAEBC49EB122}.Release|Any CPU.Build.0 = Release|Any CPU
		{A264264C-3956-ED11-AF4A-8459FBD052C4}.Debug|Any CPU.ActiveCfg = Debug|Any CPU
		{A264264C-3956-ED11-AF4A-8459FBD052C4}.Debug|Any CPU.Build.0 = Debug|Any CPU
		{A264264C-3956-ED11-AF4A-8459FBD052C4}.Release|Any CPU.ActiveCfg = Release|Any CPU
		{A264264C-3956-ED11-AF4A-8459FBD052C4}.Release|Any CPU.Build.0 = Release|Any CPU
		{8ACF8907-4F7D-7B3B-6E78-7DCCB67D13CE}.Debug|Any CPU.ActiveCfg = Debug|Any CPU
		{8ACF8907-4F7D-7B3B-6E78-7DCCB67D13CE}.Debug|Any CPU.Build.0 = Debug|Any CPU
		{8ACF8907-4F7D-7B3B-6E78-7DCCB67D13CE}.Release|Any CPU.ActiveCfg = Release|Any CPU
		{8ACF8907-4F7D-7B3B-6E78-7DCCB67D13CE}.Release|Any CPU.Build.0 = Release|Any CPU
		{258C4416-D2C8-C37A-9CD0-EFB5C39370D9}.Debug|Any CPU.ActiveCfg = Debug|Any CPU
		{258C4416-D2C8-C37A-9CD0-EFB5C39370D9}.Debug|Any CPU.Build.0 = Debug|Any CPU
		{258C4416-D2C8-C37A-9CD0-EFB5C39370D9}.Release|Any CPU.ActiveCfg = Release|Any CPU
		{258C4416-D2C8-C37A-9CD0-EFB5C39370D9}.Release|Any CPU.Build.0 = Release|Any CPU
		{66386B8B-E241-9288-1E9E-E5F902070E01}.Debug|Any CPU.ActiveCfg = Debug|Any CPU
		{66386B8B-E241-9288-1E9E-E5F902070E01}.Debug|Any CPU.Build.0 = Debug|Any CPU
		{66386B8B-E241-9288-1E9E-E5F902070E01}.Release|Any CPU.ActiveCfg = Release|Any CPU
		{66386B8B-E241-9288-1E9E-E5F902070E01}.Release|Any CPU.Build.0 = Release|Any CPU
		{111B3D59-D980-3EC6-D032-3AE26387940B}.Debug|Any CPU.ActiveCfg = Debug|Any CPU
		{111B3D59-D980-3EC6-D032-3AE26387940B}.Debug|Any CPU.Build.0 = Debug|Any CPU
		{111B3D59-D980-3EC6-D032-3AE26387940B}.Release|Any CPU.ActiveCfg = Release|Any CPU
		{111B3D59-D980-3EC6-D032-3AE26387940B}.Release|Any CPU.Build.0 = Release|Any CPU
		{D1C7414F-A69E-F628-CB81-287CFAACDE37}.Debug|Any CPU.ActiveCfg = Debug|Any CPU
		{D1C7414F-A69E-F628-CB81-287CFAACDE37}.Debug|Any CPU.Build.0 = Debug|Any CPU
		{D1C7414F-A69E-F628-CB81-287CFAACDE37}.Release|Any CPU.ActiveCfg = Release|Any CPU
		{D1C7414F-A69E-F628-CB81-287CFAACDE37}.Release|Any CPU.Build.0 = Release|Any CPU
		{00868E34-F938-1F7C-CA38-C987851F450F}.Debug|Any CPU.ActiveCfg = Debug|Any CPU
		{00868E34-F938-1F7C-CA38-C987851F450F}.Debug|Any CPU.Build.0 = Debug|Any CPU
		{00868E34-F938-1F7C-CA38-C987851F450F}.Release|Any CPU.ActiveCfg = Release|Any CPU
		{00868E34-F938-1F7C-CA38-C987851F450F}.Release|Any CPU.Build.0 = Release|Any CPU
		{A7EC2EFD-3A38-F4FE-3E3C-7D2F3EE01792}.Debug|Any CPU.ActiveCfg = Debug|Any CPU
		{A7EC2EFD-3A38-F4FE-3E3C-7D2F3EE01792}.Debug|Any CPU.Build.0 = Debug|Any CPU
		{A7EC2EFD-3A38-F4FE-3E3C-7D2F3EE01792}.Release|Any CPU.ActiveCfg = Release|Any CPU
		{A7EC2EFD-3A38-F4FE-3E3C-7D2F3EE01792}.Release|Any CPU.Build.0 = Release|Any CPU
		{5A5DABA5-4B62-F727-FC04-BE8260A7AFC6}.Debug|Any CPU.ActiveCfg = Debug|Any CPU
		{5A5DABA5-4B62-F727-FC04-BE8260A7AFC6}.Debug|Any CPU.Build.0 = Debug|Any CPU
		{5A5DABA5-4B62-F727-FC04-BE8260A7AFC6}.Release|Any CPU.ActiveCfg = Release|Any CPU
		{5A5DABA5-4B62-F727-FC04-BE8260A7AFC6}.Release|Any CPU.Build.0 = Release|Any CPU
	EndGlobalSection
	GlobalSection(SolutionProperties) = preSolution
		HideSolutionNode = FALSE
	EndGlobalSection
EndGlobal
